# THIS IS AN AUTOGENERATED FILE. DO NOT EDIT THIS FILE DIRECTLY.
# yarn lockfile v1


eslint-config-prettier@^3.3.0:
  version "3.3.0"
  resolved "https://registry.yarnpkg.com/eslint-config-prettier/-/eslint-config-prettier-3.3.0.tgz#41afc8d3b852e757f06274ed6c44ca16f939a57d"
  integrity sha512-Bc3bh5bAcKNvs3HOpSi6EfGA2IIp7EzWcg2tS4vP7stnXu/J1opihHDM7jI9JCIckyIDTgZLSWn7J3HY0j2JfA==
  dependencies:
    get-stdin "^6.0.0"

get-stdin@^6.0.0:
  version "6.0.0"
  resolved "https://registry.yarnpkg.com/get-stdin/-/get-stdin-6.0.0.tgz#9e09bf712b360ab9225e812048f71fde9c89657b"
  integrity sha512-jp4tHawyV7+fkkSKyvjuLZswblUtz+SQKzSWnBbii16BuZksJlU1wuBYXY75r+duh/llF1ur6oNwi+2ZzjKZ7g==

tslint-config-prettier@^1.17.0:
  version "1.17.0"
  resolved "https://registry.yarnpkg.com/tslint-config-prettier/-/tslint-config-prettier-1.17.0.tgz#946ed6117f98f3659a65848279156d87628c33dc"
  integrity sha512-NKWNkThwqE4Snn4Cm6SZB7lV5RMDDFsBwz6fWUkTxOKGjMx8ycOHnjIbhn7dZd5XmssW3CwqUjlANR6EhP9YQw==
